
Microsoft Visual Studio Solution File, Format Version 12.00
# Visual Studio Version 17
VisualStudioVersion = 17.6.33723.286
MinimumVisualStudioVersion = 10.0.40219.1
Project("{9A19103F-16F7-4668-BE54-9A1E7A4F7556}") = "ManagerCV", "ManagerCV\ManagerCV.csproj", "{AA8094FA-4BF2-4B4B-A996-9538DF2388C4}"
EndProject
Project("{9A19103F-16F7-4668-BE54-9A1E7A4F7556}") = "EsercizioAPI", "EsercizioAPI\EsercizioAPI.csproj", "{8BFDE1E0-7003-473C-B24C-568AEA2958FC}"
EndProject
Global
	GlobalSection(SolutionConfigurationPlatforms) = preSolution
		Debug|Any CPU = Debug|Any CPU
		Release|Any CPU = Release|Any CPU
	EndGlobalSection
	GlobalSection(ProjectConfigurationPlatforms) = postSolution
		{AA8094FA-4BF2-4B4B-A996-9538DF2388C4}.Debug|Any CPU.ActiveCfg = Debug|Any CPU
		{AA8094FA-4BF2-4B4B-A996-9538DF2388C4}.Debug|Any CPU.Build.0 = Debug|Any CPU
		{AA8094FA-4BF2-4B4B-A996-9538DF2388C4}.Release|Any CPU.ActiveCfg = Release|Any CPU
		{AA8094FA-4BF2-4B4B-A996-9538DF2388C4}.Release|Any CPU.Build.0 = Release|Any CPU
		{8BFDE1E0-7003-473C-B24C-568AEA2958FC}.Debug|Any CPU.ActiveCfg = Debug|Any CPU
		{8BFDE1E0-7003-473C-B24C-568AEA2958FC}.Debug|Any CPU.Build.0 = Debug|Any CPU
		{8BFDE1E0-7003-473C-B24C-568AEA2958FC}.Release|Any CPU.ActiveCfg = Release|Any CPU
		{8BFDE1E0-7003-473C-B24C-568AEA2958FC}.Release|Any CPU.Build.0 = Release|Any CPU
	EndGlobalSection
	GlobalSection(SolutionProperties) = preSolution
		HideSolutionNode = FALSE
	EndGlobalSection
	GlobalSection(ExtensibilityGlobals) = postSolution
		SolutionGuid = {D48A3E88-7A0F-4663-A4D9-4521FB627FC9}
	EndGlobalSection
EndGlobal
